// !$*UTF8*$!
{
	archiveVersion = 1;
	classes = {
	};
	objectVersion = 55;
	objects = {

/* Begin PBXBuildFile section */
		3D56D39F281811A100A130C2 /* AppDelegate.swift in Sources */ = {isa = PBXBuildFile; fileRef = 3D56D39E281811A100A130C2 /* AppDelegate.swift */; };
		3D56D3A1281811A100A130C2 /* SceneDelegate.swift in Sources */ = {isa = PBXBuildFile; fileRef = 3D56D3A0281811A100A130C2 /* SceneDelegate.swift */; };
		3D56D3A3281811A100A130C2 /* RepositoryListViewController.swift in Sources */ = {isa = PBXBuildFile; fileRef = 3D56D3A2281811A100A130C2 /* RepositoryListViewController.swift */; };
		3D56D3A8281811A300A130C2 /* Assets.xcassets in Resources */ = {isa = PBXBuildFile; fileRef = 3D56D3A7281811A300A130C2 /* Assets.xcassets */; };
		3D56D3AB281811A300A130C2 /* LaunchScreen.storyboard in Resources */ = {isa = PBXBuildFile; fileRef = 3D56D3A9281811A300A130C2 /* LaunchScreen.storyboard */; };
		3D56D3B6281811A300A130C2 /* GithubAPIFluxUnioTests.swift in Sources */ = {isa = PBXBuildFile; fileRef = 3D56D3B5281811A300A130C2 /* GithubAPIFluxUnioTests.swift */; };
		3D56D3C0281811A300A130C2 /* GithubAPIFluxUnioUITests.swift in Sources */ = {isa = PBXBuildFile; fileRef = 3D56D3BF281811A300A130C2 /* GithubAPIFluxUnioUITests.swift */; };
		3D56D3C2281811A300A130C2 /* GithubAPIFluxUnioUITestsLaunchTests.swift in Sources */ = {isa = PBXBuildFile; fileRef = 3D56D3C1281811A300A130C2 /* GithubAPIFluxUnioUITestsLaunchTests.swift */; };
		3D56D3D02818249000A130C2 /* RxBlocking in Frameworks */ = {isa = PBXBuildFile; productRef = 3D56D3CF2818249000A130C2 /* RxBlocking */; };
		3D56D3D22818249000A130C2 /* RxCocoa in Frameworks */ = {isa = PBXBuildFile; productRef = 3D56D3D12818249000A130C2 /* RxCocoa */; };
		3D56D3D42818249000A130C2 /* RxRelay in Frameworks */ = {isa = PBXBuildFile; productRef = 3D56D3D32818249000A130C2 /* RxRelay */; };
		3D56D3D62818249000A130C2 /* RxSwift in Frameworks */ = {isa = PBXBuildFile; productRef = 3D56D3D52818249000A130C2 /* RxSwift */; };
		3D56D3DB281824C500A130C2 /* RxTest in Frameworks */ = {isa = PBXBuildFile; productRef = 3D56D3DA281824C500A130C2 /* RxTest */; };
		3D56D3DE2818250500A130C2 /* Action in Frameworks */ = {isa = PBXBuildFile; productRef = 3D56D3DD2818250500A130C2 /* Action */; };
		3D56D3E12818252400A130C2 /* Unio in Frameworks */ = {isa = PBXBuildFile; productRef = 3D56D3E02818252400A130C2 /* Unio */; };
		3D56D3E4281836CC00A130C2 /* RepositoryListTableDataSource.swift in Sources */ = {isa = PBXBuildFile; fileRef = 3D56D3E3281836CC00A130C2 /* RepositoryListTableDataSource.swift */; };
		3D56D3E62818372B00A130C2 /* RepositoryCell.swift in Sources */ = {isa = PBXBuildFile; fileRef = 3D56D3E52818372B00A130C2 /* RepositoryCell.swift */; };
		3D56D3E9281840EC00A130C2 /* DispatchRelay.swift in Sources */ = {isa = PBXBuildFile; fileRef = 3D56D3E8281840EC00A130C2 /* DispatchRelay.swift */; };
		3D56D3EB2818490900A130C2 /* RepositoryAction.swift in Sources */ = {isa = PBXBuildFile; fileRef = 3D56D3EA2818490900A130C2 /* RepositoryAction.swift */; };
		3D56D3EF2818495D00A130C2 /* APIClient.swift in Sources */ = {isa = PBXBuildFile; fileRef = 3D56D3EE2818495D00A130C2 /* APIClient.swift */; };
		3D56D3F22818511300A130C2 /* Moya in Frameworks */ = {isa = PBXBuildFile; productRef = 3D56D3F12818511300A130C2 /* Moya */; };
		3D56D3F42818511300A130C2 /* RxMoya in Frameworks */ = {isa = PBXBuildFile; productRef = 3D56D3F32818511300A130C2 /* RxMoya */; };
		3D56D3F7281852E500A130C2 /* ApiTargetType.swift in Sources */ = {isa = PBXBuildFile; fileRef = 3D56D3F6281852E500A130C2 /* ApiTargetType.swift */; };
		3D56D3F92818551D00A130C2 /* RepositoryTargetType.swift in Sources */ = {isa = PBXBuildFile; fileRef = 3D56D3F82818551D00A130C2 /* RepositoryTargetType.swift */; };
		3D56D3FB281868E400A130C2 /* RepositoryDispatcher.swift in Sources */ = {isa = PBXBuildFile; fileRef = 3D56D3FA281868E400A130C2 /* RepositoryDispatcher.swift */; };
		3D56D3FD281868F500A130C2 /* RepositoriesStore.swift in Sources */ = {isa = PBXBuildFile; fileRef = 3D56D3FC281868F500A130C2 /* RepositoriesStore.swift */; };
/* End PBXBuildFile section */

/* Begin PBXContainerItemProxy section */
		3D56D3B2281811A300A130C2 /* PBXContainerItemProxy */ = {
			isa = PBXContainerItemProxy;
			containerPortal = 3D56D393281811A100A130C2 /* Project object */;
			proxyType = 1;
			remoteGlobalIDString = 3D56D39A281811A100A130C2;
			remoteInfo = GithubAPIFluxUnio;
		};
		3D56D3BC281811A300A130C2 /* PBXContainerItemProxy */ = {
			isa = PBXContainerItemProxy;
			containerPortal = 3D56D393281811A100A130C2 /* Project object */;
			proxyType = 1;
			remoteGlobalIDString = 3D56D39A281811A100A130C2;
			remoteInfo = GithubAPIFluxUnio;
		};
/* End PBXContainerItemProxy section */

/* Begin PBXFileReference section */
		3D56D39B281811A100A130C2 /* GithubAPIFluxUnio.app */ = {isa = PBXFileReference; explicitFileType = wrapper.application; includeInIndex = 0; path = GithubAPIFluxUnio.app; sourceTree = BUILT_PRODUCTS_DIR; };
		3D56D39E281811A100A130C2 /* AppDelegate.swift */ = {isa = PBXFileReference; lastKnownFileType = sourcecode.swift; path = AppDelegate.swift; sourceTree = "<group>"; };
		3D56D3A0281811A100A130C2 /* SceneDelegate.swift */ = {isa = PBXFileReference; lastKnownFileType = sourcecode.swift; path = SceneDelegate.swift; sourceTree = "<group>"; };
		3D56D3A2281811A100A130C2 /* RepositoryListViewController.swift */ = {isa = PBXFileReference; lastKnownFileType = sourcecode.swift; path = RepositoryListViewController.swift; sourceTree = "<group>"; };
		3D56D3A7281811A300A130C2 /* Assets.xcassets */ = {isa = PBXFileReference; lastKnownFileType = folder.assetcatalog; path = Assets.xcassets; sourceTree = "<group>"; };
		3D56D3AA281811A300A130C2 /* Base */ = {isa = PBXFileReference; lastKnownFileType = file.storyboard; name = Base; path = Base.lproj/LaunchScreen.storyboard; sourceTree = "<group>"; };
		3D56D3AC281811A300A130C2 /* Info.plist */ = {isa = PBXFileReference; lastKnownFileType = text.plist.xml; path = Info.plist; sourceTree = "<group>"; };
		3D56D3B1281811A300A130C2 /* GithubAPIFluxUnioTests.xctest */ = {isa = PBXFileReference; explicitFileType = wrapper.cfbundle; includeInIndex = 0; path = GithubAPIFluxUnioTests.xctest; sourceTree = BUILT_PRODUCTS_DIR; };
		3D56D3B5281811A300A130C2 /* GithubAPIFluxUnioTests.swift */ = {isa = PBXFileReference; lastKnownFileType = sourcecode.swift; path = GithubAPIFluxUnioTests.swift; sourceTree = "<group>"; };
		3D56D3BB281811A300A130C2 /* GithubAPIFluxUnioUITests.xctest */ = {isa = PBXFileReference; explicitFileType = wrapper.cfbundle; includeInIndex = 0; path = GithubAPIFluxUnioUITests.xctest; sourceTree = BUILT_PRODUCTS_DIR; };
		3D56D3BF281811A300A130C2 /* GithubAPIFluxUnioUITests.swift */ = {isa = PBXFileReference; lastKnownFileType = sourcecode.swift; path = GithubAPIFluxUnioUITests.swift; sourceTree = "<group>"; };
		3D56D3C1281811A300A130C2 /* GithubAPIFluxUnioUITestsLaunchTests.swift */ = {isa = PBXFileReference; lastKnownFileType = sourcecode.swift; path = GithubAPIFluxUnioUITestsLaunchTests.swift; sourceTree = "<group>"; };
		3D56D3E3281836CC00A130C2 /* RepositoryListTableDataSource.swift */ = {isa = PBXFileReference; lastKnownFileType = sourcecode.swift; path = RepositoryListTableDataSource.swift; sourceTree = "<group>"; };
		3D56D3E52818372B00A130C2 /* RepositoryCell.swift */ = {isa = PBXFileReference; lastKnownFileType = sourcecode.swift; path = RepositoryCell.swift; sourceTree = "<group>"; };
		3D56D3E8281840EC00A130C2 /* DispatchRelay.swift */ = {isa = PBXFileReference; lastKnownFileType = sourcecode.swift; path = DispatchRelay.swift; sourceTree = "<group>"; };
		3D56D3EA2818490900A130C2 /* RepositoryAction.swift */ = {isa = PBXFileReference; lastKnownFileType = sourcecode.swift; path = RepositoryAction.swift; sourceTree = "<group>"; };
		3D56D3EE2818495D00A130C2 /* APIClient.swift */ = {isa = PBXFileReference; lastKnownFileType = sourcecode.swift; path = APIClient.swift; sourceTree = "<group>"; };
		3D56D3F6281852E500A130C2 /* ApiTargetType.swift */ = {isa = PBXFileReference; lastKnownFileType = sourcecode.swift; path = ApiTargetType.swift; sourceTree = "<group>"; };
		3D56D3F82818551D00A130C2 /* RepositoryTargetType.swift */ = {isa = PBXFileReference; lastKnownFileType = sourcecode.swift; path = RepositoryTargetType.swift; sourceTree = "<group>"; };
		3D56D3FA281868E400A130C2 /* RepositoryDispatcher.swift */ = {isa = PBXFileReference; lastKnownFileType = sourcecode.swift; path = RepositoryDispatcher.swift; sourceTree = "<group>"; };
		3D56D3FC281868F500A130C2 /* RepositoriesStore.swift */ = {isa = PBXFileReference; lastKnownFileType = sourcecode.swift; path = RepositoriesStore.swift; sourceTree = "<group>"; };
/* End PBXFileReference section */

/* Begin PBXFrameworksBuildPhase section */
		3D56D398281811A100A130C2 /* Frameworks */ = {
			isa = PBXFrameworksBuildPhase;
			buildActionMask = 2147483647;
			files = (
				3D56D3DE2818250500A130C2 /* Action in Frameworks */,
				3D56D3D42818249000A130C2 /* RxRelay in Frameworks */,
				3D56D3D22818249000A130C2 /* RxCocoa in Frameworks */,
				3D56D3D62818249000A130C2 /* RxSwift in Frameworks */,
				3D56D3D02818249000A130C2 /* RxBlocking in Frameworks */,
				3D56D3F22818511300A130C2 /* Moya in Frameworks */,
				3D56D3F42818511300A130C2 /* RxMoya in Frameworks */,
				3D56D3E12818252400A130C2 /* Unio in Frameworks */,
			);
			runOnlyForDeploymentPostprocessing = 0;
		};
		3D56D3AE281811A300A130C2 /* Frameworks */ = {
			isa = PBXFrameworksBuildPhase;
			buildActionMask = 2147483647;
			files = (
				3D56D3DB281824C500A130C2 /* RxTest in Frameworks */,
			);
			runOnlyForDeploymentPostprocessing = 0;
		};
		3D56D3B8281811A300A130C2 /* Frameworks */ = {
			isa = PBXFrameworksBuildPhase;
			buildActionMask = 2147483647;
			files = (
			);
			runOnlyForDeploymentPostprocessing = 0;
		};
/* End PBXFrameworksBuildPhase section */

/* Begin PBXGroup section */
		3D56D392281811A100A130C2 = {
			isa = PBXGroup;
			children = (
				3D56D39D281811A100A130C2 /* GithubAPIFluxUnio */,
				3D56D3B4281811A300A130C2 /* GithubAPIFluxUnioTests */,
				3D56D3BE281811A300A130C2 /* GithubAPIFluxUnioUITests */,
				3D56D39C281811A100A130C2 /* Products */,
				3D56D3D9281824C500A130C2 /* Frameworks */,
			);
			sourceTree = "<group>";
		};
		3D56D39C281811A100A130C2 /* Products */ = {
			isa = PBXGroup;
			children = (
				3D56D39B281811A100A130C2 /* GithubAPIFluxUnio.app */,
				3D56D3B1281811A300A130C2 /* GithubAPIFluxUnioTests.xctest */,
				3D56D3BB281811A300A130C2 /* GithubAPIFluxUnioUITests.xctest */,
			);
			name = Products;
			sourceTree = "<group>";
		};
		3D56D39D281811A100A130C2 /* GithubAPIFluxUnio */ = {
			isa = PBXGroup;
			children = (
				3D56D3F5281852D800A130C2 /* TargetType */,
				3D56D3ED2818494D00A130C2 /* Util */,
				3D56D3E728183F2F00A130C2 /* Flux */,
				3D56D3E2281836B700A130C2 /* View */,
				3D56D39E281811A100A130C2 /* AppDelegate.swift */,
				3D56D3A0281811A100A130C2 /* SceneDelegate.swift */,
				3D56D3A7281811A300A130C2 /* Assets.xcassets */,
				3D56D3A9281811A300A130C2 /* LaunchScreen.storyboard */,
				3D56D3AC281811A300A130C2 /* Info.plist */,
			);
			path = GithubAPIFluxUnio;
			sourceTree = "<group>";
		};
		3D56D3B4281811A300A130C2 /* GithubAPIFluxUnioTests */ = {
			isa = PBXGroup;
			children = (
				3D56D3B5281811A300A130C2 /* GithubAPIFluxUnioTests.swift */,
			);
			path = GithubAPIFluxUnioTests;
			sourceTree = "<group>";
		};
		3D56D3BE281811A300A130C2 /* GithubAPIFluxUnioUITests */ = {
			isa = PBXGroup;
			children = (
				3D56D3BF281811A300A130C2 /* GithubAPIFluxUnioUITests.swift */,
				3D56D3C1281811A300A130C2 /* GithubAPIFluxUnioUITestsLaunchTests.swift */,
			);
			path = GithubAPIFluxUnioUITests;
			sourceTree = "<group>";
		};
		3D56D3D9281824C500A130C2 /* Frameworks */ = {
			isa = PBXGroup;
			children = (
			);
			name = Frameworks;
			sourceTree = "<group>";
		};
		3D56D3E2281836B700A130C2 /* View */ = {
			isa = PBXGroup;
			children = (
				3D56D3A2281811A100A130C2 /* RepositoryListViewController.swift */,
				3D56D3E3281836CC00A130C2 /* RepositoryListTableDataSource.swift */,
				3D56D3E52818372B00A130C2 /* RepositoryCell.swift */,
			);
			path = View;
			sourceTree = "<group>";
		};
		3D56D3E728183F2F00A130C2 /* Flux */ = {
			isa = PBXGroup;
			children = (
				3D56D3EC2818491700A130C2 /* Repository */,
				3D56D3E8281840EC00A130C2 /* DispatchRelay.swift */,
			);
			path = Flux;
			sourceTree = "<group>";
		};
		3D56D3EC2818491700A130C2 /* Repository */ = {
			isa = PBXGroup;
			children = (
				3D56D3EA2818490900A130C2 /* RepositoryAction.swift */,
				3D56D3FA281868E400A130C2 /* RepositoryDispatcher.swift */,
				3D56D3FC281868F500A130C2 /* RepositoriesStore.swift */,
			);
			path = Repository;
			sourceTree = "<group>";
		};
		3D56D3ED2818494D00A130C2 /* Util */ = {
			isa = PBXGroup;
			children = (
				3D56D3EE2818495D00A130C2 /* APIClient.swift */,
			);
			path = Util;
			sourceTree = "<group>";
		};
		3D56D3F5281852D800A130C2 /* TargetType */ = {
			isa = PBXGroup;
			children = (
				3D56D3F6281852E500A130C2 /* ApiTargetType.swift */,
				3D56D3F82818551D00A130C2 /* RepositoryTargetType.swift */,
			);
			path = TargetType;
			sourceTree = "<group>";
		};
/* End PBXGroup section */

/* Begin PBXNativeTarget section */
		3D56D39A281811A100A130C2 /* GithubAPIFluxUnio */ = {
			isa = PBXNativeTarget;
			buildConfigurationList = 3D56D3C5281811A300A130C2 /* Build configuration list for PBXNativeTarget "GithubAPIFluxUnio" */;
			buildPhases = (
				3D56D397281811A100A130C2 /* Sources */,
				3D56D398281811A100A130C2 /* Frameworks */,
				3D56D399281811A100A130C2 /* Resources */,
			);
			buildRules = (
			);
			dependencies = (
			);
			name = GithubAPIFluxUnio;
			packageProductDependencies = (
				3D56D3CF2818249000A130C2 /* RxBlocking */,
				3D56D3D12818249000A130C2 /* RxCocoa */,
				3D56D3D32818249000A130C2 /* RxRelay */,
				3D56D3D52818249000A130C2 /* RxSwift */,
				3D56D3DD2818250500A130C2 /* Action */,
				3D56D3E02818252400A130C2 /* Unio */,
				3D56D3F12818511300A130C2 /* Moya */,
				3D56D3F32818511300A130C2 /* RxMoya */,
			);
			productName = GithubAPIFluxUnio;
			productReference = 3D56D39B281811A100A130C2 /* GithubAPIFluxUnio.app */;
			productType = "com.apple.product-type.application";
		};
		3D56D3B0281811A300A130C2 /* GithubAPIFluxUnioTests */ = {
			isa = PBXNativeTarget;
			buildConfigurationList = 3D56D3C8281811A300A130C2 /* Build configuration list for PBXNativeTarget "GithubAPIFluxUnioTests" */;
			buildPhases = (
				3D56D3AD281811A300A130C2 /* Sources */,
				3D56D3AE281811A300A130C2 /* Frameworks */,
				3D56D3AF281811A300A130C2 /* Resources */,
			);
			buildRules = (
			);
			dependencies = (
				3D56D3B3281811A300A130C2 /* PBXTargetDependency */,
			);
			name = GithubAPIFluxUnioTests;
			packageProductDependencies = (
				3D56D3DA281824C500A130C2 /* RxTest */,
			);
			productName = GithubAPIFluxUnioTests;
			productReference = 3D56D3B1281811A300A130C2 /* GithubAPIFluxUnioTests.xctest */;
			productType = "com.apple.product-type.bundle.unit-test";
		};
		3D56D3BA281811A300A130C2 /* GithubAPIFluxUnioUITests */ = {
			isa = PBXNativeTarget;
			buildConfigurationList = 3D56D3CB281811A300A130C2 /* Build configuration list for PBXNativeTarget "GithubAPIFluxUnioUITests" */;
			buildPhases = (
				3D56D3B7281811A300A130C2 /* Sources */,
				3D56D3B8281811A300A130C2 /* Frameworks */,
				3D56D3B9281811A300A130C2 /* Resources */,
			);
			buildRules = (
			);
			dependencies = (
				3D56D3BD281811A300A130C2 /* PBXTargetDependency */,
			);
			name = GithubAPIFluxUnioUITests;
			productName = GithubAPIFluxUnioUITests;
			productReference = 3D56D3BB281811A300A130C2 /* GithubAPIFluxUnioUITests.xctest */;
			productType = "com.apple.product-type.bundle.ui-testing";
		};
/* End PBXNativeTarget section */

/* Begin PBXProject section */
		3D56D393281811A100A130C2 /* Project object */ = {
			isa = PBXProject;
			attributes = {
				BuildIndependentTargetsInParallel = 1;
				LastSwiftUpdateCheck = 1330;
				LastUpgradeCheck = 1330;
				TargetAttributes = {
					3D56D39A281811A100A130C2 = {
						CreatedOnToolsVersion = 13.3;
					};
					3D56D3B0281811A300A130C2 = {
						CreatedOnToolsVersion = 13.3;
						TestTargetID = 3D56D39A281811A100A130C2;
					};
					3D56D3BA281811A300A130C2 = {
						CreatedOnToolsVersion = 13.3;
						TestTargetID = 3D56D39A281811A100A130C2;
					};
				};
			};
			buildConfigurationList = 3D56D396281811A100A130C2 /* Build configuration list for PBXProject "GithubAPIFluxUnio" */;
			compatibilityVersion = "Xcode 13.0";
			developmentRegion = en;
			hasScannedForEncodings = 0;
			knownRegions = (
				en,
				Base,
			);
			mainGroup = 3D56D392281811A100A130C2;
			packageReferences = (
				3D56D3CE2818249000A130C2 /* XCRemoteSwiftPackageReference "RxSwift" */,
				3D56D3DC2818250400A130C2 /* XCRemoteSwiftPackageReference "Action" */,
				3D56D3DF2818252400A130C2 /* XCRemoteSwiftPackageReference "Unio" */,
				3D56D3F02818511300A130C2 /* XCRemoteSwiftPackageReference "Moya" */,
			);
			productRefGroup = 3D56D39C281811A100A130C2 /* Products */;
			projectDirPath = "";
			projectRoot = "";
			targets = (
				3D56D39A281811A100A130C2 /* GithubAPIFluxUnio */,
				3D56D3B0281811A300A130C2 /* GithubAPIFluxUnioTests */,
				3D56D3BA281811A300A130C2 /* GithubAPIFluxUnioUITests */,
			);
		};
/* End PBXProject section */

/* Begin PBXResourcesBuildPhase section */
		3D56D399281811A100A130C2 /* Resources */ = {
			isa = PBXResourcesBuildPhase;
			buildActionMask = 2147483647;
			files = (
				3D56D3AB281811A300A130C2 /* LaunchScreen.storyboard in Resources */,
				3D56D3A8281811A300A130C2 /* Assets.xcassets in Resources */,
			);
			runOnlyForDeploymentPostprocessing = 0;
		};
		3D56D3AF281811A300A130C2 /* Resources */ = {
			isa = PBXResourcesBuildPhase;
			buildActionMask = 2147483647;
			files = (
			);
			runOnlyForDeploymentPostprocessing = 0;
		};
		3D56D3B9281811A300A130C2 /* Resources */ = {
			isa = PBXResourcesBuildPhase;
			buildActionMask = 2147483647;
			files = (
			);
			runOnlyForDeploymentPostprocessing = 0;
		};
/* End PBXResourcesBuildPhase section */

/* Begin PBXSourcesBuildPhase section */
		3D56D397281811A100A130C2 /* Sources */ = {
			isa = PBXSourcesBuildPhase;
			buildActionMask = 2147483647;
			files = (
				3D56D3F92818551D00A130C2 /* RepositoryTargetType.swift in Sources */,
				3D56D3E62818372B00A130C2 /* RepositoryCell.swift in Sources */,
				3D56D3E9281840EC00A130C2 /* DispatchRelay.swift in Sources */,
				3D56D3A3281811A100A130C2 /* RepositoryListViewController.swift in Sources */,
				3D56D3EF2818495D00A130C2 /* APIClient.swift in Sources */,
				3D56D3E4281836CC00A130C2 /* RepositoryListTableDataSource.swift in Sources */,
				3D56D3FB281868E400A130C2 /* RepositoryDispatcher.swift in Sources */,
				3D56D3FD281868F500A130C2 /* RepositoriesStore.swift in Sources */,
				3D56D3EB2818490900A130C2 /* RepositoryAction.swift in Sources */,
				3D56D3F7281852E500A130C2 /* ApiTargetType.swift in Sources */,
				3D56D39F281811A100A130C2 /* AppDelegate.swift in Sources */,
				3D56D3A1281811A100A130C2 /* SceneDelegate.swift in Sources */,
			);
			runOnlyForDeploymentPostprocessing = 0;
		};
		3D56D3AD281811A300A130C2 /* Sources */ = {
			isa = PBXSourcesBuildPhase;
			buildActionMask = 2147483647;
			files = (
				3D56D3B6281811A300A130C2 /* GithubAPIFluxUnioTests.swift in Sources */,
			);
			runOnlyForDeploymentPostprocessing = 0;
		};
		3D56D3B7281811A300A130C2 /* Sources */ = {
			isa = PBXSourcesBuildPhase;
			buildActionMask = 2147483647;
			files = (
				3D56D3C2281811A300A130C2 /* GithubAPIFluxUnioUITestsLaunchTests.swift in Sources */,
				3D56D3C0281811A300A130C2 /* GithubAPIFluxUnioUITests.swift in Sources */,
			);
			runOnlyForDeploymentPostprocessing = 0;
		};
/* End PBXSourcesBuildPhase section */

/* Begin PBXTargetDependency section */
		3D56D3B3281811A300A130C2 /* PBXTargetDependency */ = {
			isa = PBXTargetDependency;
			target = 3D56D39A281811A100A130C2 /* GithubAPIFluxUnio */;
			targetProxy = 3D56D3B2281811A300A130C2 /* PBXContainerItemProxy */;
		};
		3D56D3BD281811A300A130C2 /* PBXTargetDependency */ = {
			isa = PBXTargetDependency;
			target = 3D56D39A281811A100A130C2 /* GithubAPIFluxUnio */;
			targetProxy = 3D56D3BC281811A300A130C2 /* PBXContainerItemProxy */;
		};
/* End PBXTargetDependency section */

/* Begin PBXVariantGroup section */
		3D56D3A9281811A300A130C2 /* LaunchScreen.storyboard */ = {
			isa = PBXVariantGroup;
			children = (
				3D56D3AA281811A300A130C2 /* Base */,
			);
			name = LaunchScreen.storyboard;
			sourceTree = "<group>";
		};
/* End PBXVariantGroup section */

/* Begin XCBuildConfiguration section */
		3D56D3C3281811A300A130C2 /* Debug */ = {
			isa = XCBuildConfiguration;
			buildSettings = {
				ALWAYS_SEARCH_USER_PATHS = NO;
				CLANG_ANALYZER_NONNULL = YES;
				CLANG_ANALYZER_NUMBER_OBJECT_CONVERSION = YES_AGGRESSIVE;
				CLANG_CXX_LANGUAGE_STANDARD = "gnu++17";
				CLANG_ENABLE_MODULES = YES;
				CLANG_ENABLE_OBJC_ARC = YES;
				CLANG_ENABLE_OBJC_WEAK = YES;
				CLANG_WARN_BLOCK_CAPTURE_AUTORELEASING = YES;
				CLANG_WARN_BOOL_CONVERSION = YES;
				CLANG_WARN_COMMA = YES;
				CLANG_WARN_CONSTANT_CONVERSION = YES;
				CLANG_WARN_DEPRECATED_OBJC_IMPLEMENTATIONS = YES;
				CLANG_WARN_DIRECT_OBJC_ISA_USAGE = YES_ERROR;
				CLANG_WARN_DOCUMENTATION_COMMENTS = YES;
				CLANG_WARN_EMPTY_BODY = YES;
				CLANG_WARN_ENUM_CONVERSION = YES;
				CLANG_WARN_INFINITE_RECURSION = YES;
				CLANG_WARN_INT_CONVERSION = YES;
				CLANG_WARN_NON_LITERAL_NULL_CONVERSION = YES;
				CLANG_WARN_OBJC_IMPLICIT_RETAIN_SELF = YES;
				CLANG_WARN_OBJC_LITERAL_CONVERSION = YES;
				CLANG_WARN_OBJC_ROOT_CLASS = YES_ERROR;
				CLANG_WARN_QUOTED_INCLUDE_IN_FRAMEWORK_HEADER = YES;
				CLANG_WARN_RANGE_LOOP_ANALYSIS = YES;
				CLANG_WARN_STRICT_PROTOTYPES = YES;
				CLANG_WARN_SUSPICIOUS_MOVE = YES;
				CLANG_WARN_UNGUARDED_AVAILABILITY = YES_AGGRESSIVE;
				CLANG_WARN_UNREACHABLE_CODE = YES;
				CLANG_WARN__DUPLICATE_METHOD_MATCH = YES;
				COPY_PHASE_STRIP = NO;
				DEBUG_INFORMATION_FORMAT = dwarf;
				ENABLE_STRICT_OBJC_MSGSEND = YES;
				ENABLE_TESTABILITY = YES;
				GCC_C_LANGUAGE_STANDARD = gnu11;
				GCC_DYNAMIC_NO_PIC = NO;
				GCC_NO_COMMON_BLOCKS = YES;
				GCC_OPTIMIZATION_LEVEL = 0;
				GCC_PREPROCESSOR_DEFINITIONS = (
					"DEBUG=1",
					"$(inherited)",
				);
				GCC_WARN_64_TO_32_BIT_CONVERSION = YES;
				GCC_WARN_ABOUT_RETURN_TYPE = YES_ERROR;
				GCC_WARN_UNDECLARED_SELECTOR = YES;
				GCC_WARN_UNINITIALIZED_AUTOS = YES_AGGRESSIVE;
				GCC_WARN_UNUSED_FUNCTION = YES;
				GCC_WARN_UNUSED_VARIABLE = YES;
				IPHONEOS_DEPLOYMENT_TARGET = 15.4;
				MTL_ENABLE_DEBUG_INFO = INCLUDE_SOURCE;
				MTL_FAST_MATH = YES;
				ONLY_ACTIVE_ARCH = YES;
				SDKROOT = iphoneos;
				SWIFT_ACTIVE_COMPILATION_CONDITIONS = DEBUG;
				SWIFT_OPTIMIZATION_LEVEL = "-Onone";
			};
			name = Debug;
		};
		3D56D3C4281811A300A130C2 /* Release */ = {
			isa = XCBuildConfiguration;
			buildSettings = {
				ALWAYS_SEARCH_USER_PATHS = NO;
				CLANG_ANALYZER_NONNULL = YES;
				CLANG_ANALYZER_NUMBER_OBJECT_CONVERSION = YES_AGGRESSIVE;
				CLANG_CXX_LANGUAGE_STANDARD = "gnu++17";
				CLANG_ENABLE_MODULES = YES;
				CLANG_ENABLE_OBJC_ARC = YES;
				CLANG_ENABLE_OBJC_WEAK = YES;
				CLANG_WARN_BLOCK_CAPTURE_AUTORELEASING = YES;
				CLANG_WARN_BOOL_CONVERSION = YES;
				CLANG_WARN_COMMA = YES;
				CLANG_WARN_CONSTANT_CONVERSION = YES;
				CLANG_WARN_DEPRECATED_OBJC_IMPLEMENTATIONS = YES;
				CLANG_WARN_DIRECT_OBJC_ISA_USAGE = YES_ERROR;
				CLANG_WARN_DOCUMENTATION_COMMENTS = YES;
				CLANG_WARN_EMPTY_BODY = YES;
				CLANG_WARN_ENUM_CONVERSION = YES;
				CLANG_WARN_INFINITE_RECURSION = YES;
				CLANG_WARN_INT_CONVERSION = YES;
				CLANG_WARN_NON_LITERAL_NULL_CONVERSION = YES;
				CLANG_WARN_OBJC_IMPLICIT_RETAIN_SELF = YES;
				CLANG_WARN_OBJC_LITERAL_CONVERSION = YES;
				CLANG_WARN_OBJC_ROOT_CLASS = YES_ERROR;
				CLANG_WARN_QUOTED_INCLUDE_IN_FRAMEWORK_HEADER = YES;
				CLANG_WARN_RANGE_LOOP_ANALYSIS = YES;
				CLANG_WARN_STRICT_PROTOTYPES = YES;
				CLANG_WARN_SUSPICIOUS_MOVE = YES;
				CLANG_WARN_UNGUARDED_AVAILABILITY = YES_AGGRESSIVE;
				CLANG_WARN_UNREACHABLE_CODE = YES;
				CLANG_WARN__DUPLICATE_METHOD_MATCH = YES;
				COPY_PHASE_STRIP = NO;
				DEBUG_INFORMATION_FORMAT = "dwarf-with-dsym";
				ENABLE_NS_ASSERTIONS = NO;
				ENABLE_STRICT_OBJC_MSGSEND = YES;
				GCC_C_LANGUAGE_STANDARD = gnu11;
				GCC_NO_COMMON_BLOCKS = YES;
				GCC_WARN_64_TO_32_BIT_CONVERSION = YES;
				GCC_WARN_ABOUT_RETURN_TYPE = YES_ERROR;
				GCC_WARN_UNDECLARED_SELECTOR = YES;
				GCC_WARN_UNINITIALIZED_AUTOS = YES_AGGRESSIVE;
				GCC_WARN_UNUSED_FUNCTION = YES;
				GCC_WARN_UNUSED_VARIABLE = YES;
				IPHONEOS_DEPLOYMENT_TARGET = 15.4;
				MTL_ENABLE_DEBUG_INFO = NO;
				MTL_FAST_MATH = YES;
				SDKROOT = iphoneos;
				SWIFT_COMPILATION_MODE = wholemodule;
				SWIFT_OPTIMIZATION_LEVEL = "-O";
				VALIDATE_PRODUCT = YES;
			};
			name = Release;
		};
		3D56D3C6281811A300A130C2 /* Debug */ = {
			isa = XCBuildConfiguration;
			buildSettings = {
				ASSETCATALOG_COMPILER_APPICON_NAME = AppIcon;
				ASSETCATALOG_COMPILER_GLOBAL_ACCENT_COLOR_NAME = AccentColor;
				CODE_SIGN_STYLE = Automatic;
				CURRENT_PROJECT_VERSION = 1;
				DEVELOPMENT_TEAM = 87QA297FUT;
				GENERATE_INFOPLIST_FILE = YES;
				INFOPLIST_FILE = GithubAPIFluxUnio/Info.plist;
				INFOPLIST_KEY_UIApplicationSupportsIndirectInputEvents = YES;
				INFOPLIST_KEY_UILaunchStoryboardName = LaunchScreen;
				INFOPLIST_KEY_UISupportedInterfaceOrientations_iPad = "UIInterfaceOrientationPortrait UIInterfaceOrientationPortraitUpsideDown UIInterfaceOrientationLandscapeLeft UIInterfaceOrientationLandscapeRight";
				INFOPLIST_KEY_UISupportedInterfaceOrientations_iPhone = "UIInterfaceOrientationPortrait UIInterfaceOrientationLandscapeLeft UIInterfaceOrientationLandscapeRight";
				LD_RUNPATH_SEARCH_PATHS = (
					"$(inherited)",
					"@executable_path/Frameworks",
				);
				MARKETING_VERSION = 1.0;
				PRODUCT_BUNDLE_IDENTIFIER = com.kyoyaprog.GithubAPIFluxUnio;
				PRODUCT_NAME = "$(TARGET_NAME)";
				SWIFT_EMIT_LOC_STRINGS = YES;
				SWIFT_VERSION = 5.0;
				TARGETED_DEVICE_FAMILY = "1,2";
			};
			name = Debug;
		};
		3D56D3C7281811A300A130C2 /* Release */ = {
			isa = XCBuildConfiguration;
			buildSettings = {
				ASSETCATALOG_COMPILER_APPICON_NAME = AppIcon;
				ASSETCATALOG_COMPILER_GLOBAL_ACCENT_COLOR_NAME = AccentColor;
				CODE_SIGN_STYLE = Automatic;
				CURRENT_PROJECT_VERSION = 1;
				DEVELOPMENT_TEAM = 87QA297FUT;
				GENERATE_INFOPLIST_FILE = YES;
				INFOPLIST_FILE = GithubAPIFluxUnio/Info.plist;
				INFOPLIST_KEY_UIApplicationSupportsIndirectInputEvents = YES;
				INFOPLIST_KEY_UILaunchStoryboardName = LaunchScreen;
				INFOPLIST_KEY_UISupportedInterfaceOrientations_iPad = "UIInterfaceOrientationPortrait UIInterfaceOrientationPortraitUpsideDown UIInterfaceOrientationLandscapeLeft UIInterfaceOrientationLandscapeRight";
				INFOPLIST_KEY_UISupportedInterfaceOrientations_iPhone = "UIInterfaceOrientationPortrait UIInterfaceOrientationLandscapeLeft UIInterfaceOrientationLandscapeRight";
				LD_RUNPATH_SEARCH_PATHS = (
					"$(inherited)",
					"@executable_path/Frameworks",
				);
				MARKETING_VERSION = 1.0;
				PRODUCT_BUNDLE_IDENTIFIER = com.kyoyaprog.GithubAPIFluxUnio;
				PRODUCT_NAME = "$(TARGET_NAME)";
				SWIFT_EMIT_LOC_STRINGS = YES;
				SWIFT_VERSION = 5.0;
				TARGETED_DEVICE_FAMILY = "1,2";
			};
			name = Release;
		};
		3D56D3C9281811A300A130C2 /* Debug */ = {
			isa = XCBuildConfiguration;
			buildSettings = {
				ALWAYS_EMBED_SWIFT_STANDARD_LIBRARIES = YES;
				BUNDLE_LOADER = "$(TEST_HOST)";
				CODE_SIGN_STYLE = Automatic;
				CURRENT_PROJECT_VERSION = 1;
				DEVELOPMENT_TEAM = 87QA297FUT;
				GENERATE_INFOPLIST_FILE = YES;
				IPHONEOS_DEPLOYMENT_TARGET = 15.4;
				MARKETING_VERSION = 1.0;
				PRODUCT_BUNDLE_IDENTIFIER = com.kyoyaprog.GithubAPIFluxUnioTests;
				PRODUCT_NAME = "$(TARGET_NAME)";
				SWIFT_EMIT_LOC_STRINGS = NO;
				SWIFT_VERSION = 5.0;
				TARGETED_DEVICE_FAMILY = "1,2";
				TEST_HOST = "$(BUILT_PRODUCTS_DIR)/GithubAPIFluxUnio.app/GithubAPIFluxUnio";
			};
			name = Debug;
		};
		3D56D3CA281811A300A130C2 /* Release */ = {
			isa = XCBuildConfiguration;
			buildSettings = {
				ALWAYS_EMBED_SWIFT_STANDARD_LIBRARIES = YES;
				BUNDLE_LOADER = "$(TEST_HOST)";
				CODE_SIGN_STYLE = Automatic;
				CURRENT_PROJECT_VERSION = 1;
				DEVELOPMENT_TEAM = 87QA297FUT;
				GENERATE_INFOPLIST_FILE = YES;
				IPHONEOS_DEPLOYMENT_TARGET = 15.4;
				MARKETING_VERSION = 1.0;
				PRODUCT_BUNDLE_IDENTIFIER = com.kyoyaprog.GithubAPIFluxUnioTests;
				PRODUCT_NAME = "$(TARGET_NAME)";
				SWIFT_EMIT_LOC_STRINGS = NO;
				SWIFT_VERSION = 5.0;
				TARGETED_DEVICE_FAMILY = "1,2";
				TEST_HOST = "$(BUILT_PRODUCTS_DIR)/GithubAPIFluxUnio.app/GithubAPIFluxUnio";
			};
			name = Release;
		};
		3D56D3CC281811A300A130C2 /* Debug */ = {
			isa = XCBuildConfiguration;
			buildSettings = {
				ALWAYS_EMBED_SWIFT_STANDARD_LIBRARIES = YES;
				CODE_SIGN_STYLE = Automatic;
				CURRENT_PROJECT_VERSION = 1;
				DEVELOPMENT_TEAM = 87QA297FUT;
				GENERATE_INFOPLIST_FILE = YES;
				MARKETING_VERSION = 1.0;
				PRODUCT_BUNDLE_IDENTIFIER = com.kyoyaprog.GithubAPIFluxUnioUITests;
				PRODUCT_NAME = "$(TARGET_NAME)";
				SWIFT_EMIT_LOC_STRINGS = NO;
				SWIFT_VERSION = 5.0;
				TARGETED_DEVICE_FAMILY = "1,2";
				TEST_TARGET_NAME = GithubAPIFluxUnio;
			};
			name = Debug;
		};
		3D56D3CD281811A300A130C2 /* Release */ = {
			isa = XCBuildConfiguration;
			buildSettings = {
				ALWAYS_EMBED_SWIFT_STANDARD_LIBRARIES = YES;
				CODE_SIGN_STYLE = Automatic;
				CURRENT_PROJECT_VERSION = 1;
				DEVELOPMENT_TEAM = 87QA297FUT;
				GENERATE_INFOPLIST_FILE = YES;
				MARKETING_VERSION = 1.0;
				PRODUCT_BUNDLE_IDENTIFIER = com.kyoyaprog.GithubAPIFluxUnioUITests;
				PRODUCT_NAME = "$(TARGET_NAME)";
				SWIFT_EMIT_LOC_STRINGS = NO;
				SWIFT_VERSION = 5.0;
				TARGETED_DEVICE_FAMILY = "1,2";
				TEST_TARGET_NAME = GithubAPIFluxUnio;
			};
			name = Release;
		};
/* End XCBuildConfiguration section */

/* Begin XCConfigurationList section */
		3D56D396281811A100A130C2 /* Build configuration list for PBXProject "GithubAPIFluxUnio" */ = {
			isa = XCConfigurationList;
			buildConfigurations = (
				3D56D3C3281811A300A130C2 /* Debug */,
				3D56D3C4281811A300A130C2 /* Release */,
			);
			defaultConfigurationIsVisible = 0;
			defaultConfigurationName = Release;
		};
		3D56D3C5281811A300A130C2 /* Build configuration list for PBXNativeTarget "GithubAPIFluxUnio" */ = {
			isa = XCConfigurationList;
			buildConfigurations = (
				3D56D3C6281811A300A130C2 /* Debug */,
				3D56D3C7281811A300A130C2 /* Release */,
			);
			defaultConfigurationIsVisible = 0;
			defaultConfigurationName = Release;
		};
		3D56D3C8281811A300A130C2 /* Build configuration list for PBXNativeTarget "GithubAPIFluxUnioTests" */ = {
			isa = XCConfigurationList;
			buildConfigurations = (
				3D56D3C9281811A300A130C2 /* Debug */,
				3D56D3CA281811A300A130C2 /* Release */,
			);
			defaultConfigurationIsVisible = 0;
			defaultConfigurationName = Release;
		};
		3D56D3CB281811A300A130C2 /* Build configuration list for PBXNativeTarget "GithubAPIFluxUnioUITests" */ = {
			isa = XCConfigurationList;
			buildConfigurations = (
				3D56D3CC281811A300A130C2 /* Debug */,
				3D56D3CD281811A300A130C2 /* Release */,
			);
			defaultConfigurationIsVisible = 0;
			defaultConfigurationName = Release;
		};
/* End XCConfigurationList section */

/* Begin XCRemoteSwiftPackageReference section */
		3D56D3CE2818249000A130C2 /* XCRemoteSwiftPackageReference "RxSwift" */ = {
			isa = XCRemoteSwiftPackageReference;
			repositoryURL = "https://github.com/ReactiveX/RxSwift.git";
			requirement = {
				kind = upToNextMajorVersion;
				minimumVersion = 6.0.0;
			};
		};
		3D56D3DC2818250400A130C2 /* XCRemoteSwiftPackageReference "Action" */ = {
			isa = XCRemoteSwiftPackageReference;
			repositoryURL = "https://github.com/RxSwiftCommunity/Action";
			requirement = {
				branch = master;
				kind = branch;
			};
		};
		3D56D3DF2818252400A130C2 /* XCRemoteSwiftPackageReference "Unio" */ = {
			isa = XCRemoteSwiftPackageReference;
			repositoryURL = "https://github.com/cats-oss/Unio.git";
			requirement = {
				branch = master;
				kind = branch;
			};
		};
		3D56D3F02818511300A130C2 /* XCRemoteSwiftPackageReference "Moya" */ = {
			isa = XCRemoteSwiftPackageReference;
			repositoryURL = "https://github.com/Moya/Moya.git";
			requirement = {
				branch = master;
				kind = branch;
			};
		};
/* End XCRemoteSwiftPackageReference section */

/* Begin XCSwiftPackageProductDependency section */
		3D56D3CF2818249000A130C2 /* RxBlocking */ = {
			isa = XCSwiftPackageProductDependency;
			package = 3D56D3CE2818249000A130C2 /* XCRemoteSwiftPackageReference "RxSwift" */;
			productName = RxBlocking;
		};
		3D56D3D12818249000A130C2 /* RxCocoa */ = {
			isa = XCSwiftPackageProductDependency;
			package = 3D56D3CE2818249000A130C2 /* XCRemoteSwiftPackageReference "RxSwift" */;
			productName = RxCocoa;
		};
		3D56D3D32818249000A130C2 /* RxRelay */ = {
			isa = XCSwiftPackageProductDependency;
			package = 3D56D3CE2818249000A130C2 /* XCRemoteSwiftPackageReference "RxSwift" */;
			productName = RxRelay;
		};
		3D56D3D52818249000A130C2 /* RxSwift */ = {
			isa = XCSwiftPackageProductDependency;
			package = 3D56D3CE2818249000A130C2 /* XCRemoteSwiftPackageReference "RxSwift" */;
			productName = RxSwift;
		};
		3D56D3DA281824C500A130C2 /* RxTest */ = {
			isa = XCSwiftPackageProductDependency;
			package = 3D56D3CE2818249000A130C2 /* XCRemoteSwiftPackageReference "RxSwift" */;
			productName = RxTest;
		};
		3D56D3DD2818250500A130C2 /* Action */ = {
			isa = XCSwiftPackageProductDependency;
			package = 3D56D3DC2818250400A130C2 /* XCRemoteSwiftPackageReference "Action" */;
			productName = Action;
		};
		3D56D3E02818252400A130C2 /* Unio */ = {
			isa = XCSwiftPackageProductDependency;
			package = 3D56D3DF2818252400A130C2 /* XCRemoteSwiftPackageReference "Unio" */;
			productName = Unio;
		};
		3D56D3F12818511300A130C2 /* Moya */ = {
			isa = XCSwiftPackageProductDependency;
			package = 3D56D3F02818511300A130C2 /* XCRemoteSwiftPackageReference "Moya" */;
			productName = Moya;
		};
		3D56D3F32818511300A130C2 /* RxMoya */ = {
			isa = XCSwiftPackageProductDependency;
			package = 3D56D3F02818511300A130C2 /* XCRemoteSwiftPackageReference "Moya" */;
			productName = RxMoya;
		};
/* End XCSwiftPackageProductDependency section */
	};
	rootObject = 3D56D393281811A100A130C2 /* Project object */;
}
